// !$*UTF8*$!
{
	archiveVersion = 1;
	classes = {
	};
	objectVersion = 55;
	objects = {

/* Begin PBXBuildFile section */
		3610DBC426820B4C0030253B /* TFYSwiftEmptyDataSetTests.swift in Sources */ = {isa = PBXBuildFile; fileRef = 3610DBC326820B4C0030253B /* TFYSwiftEmptyDataSetTests.swift */; };
		3610DBCE26820B4C0030253B /* TFYSwiftEmptyDataSetUITests.swift in Sources */ = {isa = PBXBuildFile; fileRef = 3610DBCD26820B4C0030253B /* TFYSwiftEmptyDataSetUITests.swift */; };
		3610DBE826820C110030253B /* AppDelegate.swift in Sources */ = {isa = PBXBuildFile; fileRef = 3610DBDE26820C110030253B /* AppDelegate.swift */; };
		3610DBE926820C110030253B /* SceneDelegate.swift in Sources */ = {isa = PBXBuildFile; fileRef = 3610DBDF26820C110030253B /* SceneDelegate.swift */; };
		3610DBEA26820C110030253B /* Assets.xcassets in Resources */ = {isa = PBXBuildFile; fileRef = 3610DBE126820C110030253B /* Assets.xcassets */; };
		3610DBEB26820C110030253B /* LaunchScreen.storyboard in Resources */ = {isa = PBXBuildFile; fileRef = 3610DBE226820C110030253B /* LaunchScreen.storyboard */; };
		3610DBEF26820D950030253B /* TFYSwiftEmptyDataSetView.swift in Sources */ = {isa = PBXBuildFile; fileRef = 3610DBEE26820D950030253B /* TFYSwiftEmptyDataSetView.swift */; };
		3610DBF12682165C0030253B /* TFYSwiftProtocol.swift in Sources */ = {isa = PBXBuildFile; fileRef = 3610DBF02682165C0030253B /* TFYSwiftProtocol.swift */; };
		3610DBF326821AAC0030253B /* UIScrollView+EmptyDataSet.swift in Sources */ = {isa = PBXBuildFile; fileRef = 3610DBF226821AAC0030253B /* UIScrollView+EmptyDataSet.swift */; };
		3610DBF926821F700030253B /* IdealSans-Book-Pro.otf in Resources */ = {isa = PBXBuildFile; fileRef = 3610DBF626821F700030253B /* IdealSans-Book-Pro.otf */; };
		3610DBFA26821F700030253B /* Lato-Regular.ttf in Resources */ = {isa = PBXBuildFile; fileRef = 3610DBF826821F700030253B /* Lato-Regular.ttf */; };
		3610DBFC26821FB70030253B /* applications.json in Resources */ = {isa = PBXBuildFile; fileRef = 3610DBFB26821FB70030253B /* applications.json */; };
		3610DC0C268220A70030253B /* UIColor+Extension.swift in Sources */ = {isa = PBXBuildFile; fileRef = 3610DC00268220A70030253B /* UIColor+Extension.swift */; };
		366D62482683649B007C811B /* TFYSwiftTableView.swift in Sources */ = {isa = PBXBuildFile; fileRef = 366D62472683649B007C811B /* TFYSwiftTableView.swift */; };
		366D624C26836664007C811B /* ViewController.swift in Sources */ = {isa = PBXBuildFile; fileRef = 366D624B26836664007C811B /* ViewController.swift */; };
		366D624E26836672007C811B /* TFYSwiftEmptyOneController.swift in Sources */ = {isa = PBXBuildFile; fileRef = 366D624D26836672007C811B /* TFYSwiftEmptyOneController.swift */; };
		366D62502683668A007C811B /* TFYSwiftEmptyTwoController.swift in Sources */ = {isa = PBXBuildFile; fileRef = 366D624F2683668A007C811B /* TFYSwiftEmptyTwoController.swift */; };
		366D6252268366C6007C811B /* TFYSwiftEmptyThreeController.swift in Sources */ = {isa = PBXBuildFile; fileRef = 366D6251268366C6007C811B /* TFYSwiftEmptyThreeController.swift */; };
		366D6254268366EE007C811B /* TFYSwiftEmptyFourController.swift in Sources */ = {isa = PBXBuildFile; fileRef = 366D6253268366EE007C811B /* TFYSwiftEmptyFourController.swift */; };
		366D625626836706007C811B /* TFYSwiftEmptyFiveController.swift in Sources */ = {isa = PBXBuildFile; fileRef = 366D625526836706007C811B /* TFYSwiftEmptyFiveController.swift */; };
		366D62582683671B007C811B /* TFYSwiftEmptySixController.swift in Sources */ = {isa = PBXBuildFile; fileRef = 366D62572683671B007C811B /* TFYSwiftEmptySixController.swift */; };
		366D625A2683673E007C811B /* TFYSwiftEmptySevenController.swift in Sources */ = {isa = PBXBuildFile; fileRef = 366D62592683673E007C811B /* TFYSwiftEmptySevenController.swift */; };
		366D625C26836774007C811B /* TFYSwiftEmptyEightController.swift in Sources */ = {isa = PBXBuildFile; fileRef = 366D625B26836774007C811B /* TFYSwiftEmptyEightController.swift */; };
		366D625E26836786007C811B /* TFYSwiftBaseController.swift in Sources */ = {isa = PBXBuildFile; fileRef = 366D625D26836786007C811B /* TFYSwiftBaseController.swift */; };
/* End PBXBuildFile section */

/* Begin PBXContainerItemProxy section */
		3610DBC026820B4C0030253B /* PBXContainerItemProxy */ = {
			isa = PBXContainerItemProxy;
			containerPortal = 3610DBA126820B4B0030253B /* Project object */;
			proxyType = 1;
			remoteGlobalIDString = 3610DBA826820B4B0030253B;
			remoteInfo = TFYSwiftEmptyDataSet;
		};
		3610DBCA26820B4C0030253B /* PBXContainerItemProxy */ = {
			isa = PBXContainerItemProxy;
			containerPortal = 3610DBA126820B4B0030253B /* Project object */;
			proxyType = 1;
			remoteGlobalIDString = 3610DBA826820B4B0030253B;
			remoteInfo = TFYSwiftEmptyDataSet;
		};
/* End PBXContainerItemProxy section */

/* Begin PBXFileReference section */
		3610DBA926820B4B0030253B /* TFYSwiftEmptyDataSet.app */ = {isa = PBXFileReference; explicitFileType = wrapper.application; includeInIndex = 0; path = TFYSwiftEmptyDataSet.app; sourceTree = BUILT_PRODUCTS_DIR; };
		3610DBBF26820B4C0030253B /* TFYSwiftEmptyDataSetTests.xctest */ = {isa = PBXFileReference; explicitFileType = wrapper.cfbundle; includeInIndex = 0; path = TFYSwiftEmptyDataSetTests.xctest; sourceTree = BUILT_PRODUCTS_DIR; };
		3610DBC326820B4C0030253B /* TFYSwiftEmptyDataSetTests.swift */ = {isa = PBXFileReference; lastKnownFileType = sourcecode.swift; path = TFYSwiftEmptyDataSetTests.swift; sourceTree = "<group>"; };
		3610DBC926820B4C0030253B /* TFYSwiftEmptyDataSetUITests.xctest */ = {isa = PBXFileReference; explicitFileType = wrapper.cfbundle; includeInIndex = 0; path = TFYSwiftEmptyDataSetUITests.xctest; sourceTree = BUILT_PRODUCTS_DIR; };
		3610DBCD26820B4C0030253B /* TFYSwiftEmptyDataSetUITests.swift */ = {isa = PBXFileReference; lastKnownFileType = sourcecode.swift; path = TFYSwiftEmptyDataSetUITests.swift; sourceTree = "<group>"; };
		3610DBDE26820C110030253B /* AppDelegate.swift */ = {isa = PBXFileReference; fileEncoding = 4; lastKnownFileType = sourcecode.swift; path = AppDelegate.swift; sourceTree = "<group>"; };
		3610DBDF26820C110030253B /* SceneDelegate.swift */ = {isa = PBXFileReference; fileEncoding = 4; lastKnownFileType = sourcecode.swift; path = SceneDelegate.swift; sourceTree = "<group>"; };
		3610DBE126820C110030253B /* Assets.xcassets */ = {isa = PBXFileReference; lastKnownFileType = folder.assetcatalog; path = Assets.xcassets; sourceTree = "<group>"; };
		3610DBE326820C110030253B /* Base */ = {isa = PBXFileReference; lastKnownFileType = file.storyboard; name = Base; path = Base.lproj/LaunchScreen.storyboard; sourceTree = "<group>"; };
		3610DBE626820C110030253B /* Info.plist */ = {isa = PBXFileReference; fileEncoding = 4; lastKnownFileType = text.plist.xml; path = Info.plist; sourceTree = "<group>"; };
		3610DBEE26820D950030253B /* TFYSwiftEmptyDataSetView.swift */ = {isa = PBXFileReference; lastKnownFileType = sourcecode.swift; path = TFYSwiftEmptyDataSetView.swift; sourceTree = "<group>"; };
		3610DBF02682165C0030253B /* TFYSwiftProtocol.swift */ = {isa = PBXFileReference; lastKnownFileType = sourcecode.swift; path = TFYSwiftProtocol.swift; sourceTree = "<group>"; };
		3610DBF226821AAC0030253B /* UIScrollView+EmptyDataSet.swift */ = {isa = PBXFileReference; lastKnownFileType = sourcecode.swift; path = "UIScrollView+EmptyDataSet.swift"; sourceTree = "<group>"; };
		3610DBF626821F700030253B /* IdealSans-Book-Pro.otf */ = {isa = PBXFileReference; lastKnownFileType = file; path = "IdealSans-Book-Pro.otf"; sourceTree = "<group>"; };
		3610DBF826821F700030253B /* Lato-Regular.ttf */ = {isa = PBXFileReference; lastKnownFileType = file; path = "Lato-Regular.ttf"; sourceTree = "<group>"; };
		3610DBFB26821FB70030253B /* applications.json */ = {isa = PBXFileReference; fileEncoding = 4; lastKnownFileType = text.json; path = applications.json; sourceTree = "<group>"; };
		3610DC00268220A70030253B /* UIColor+Extension.swift */ = {isa = PBXFileReference; fileEncoding = 4; lastKnownFileType = sourcecode.swift; path = "UIColor+Extension.swift"; sourceTree = "<group>"; };
		366D62472683649B007C811B /* TFYSwiftTableView.swift */ = {isa = PBXFileReference; lastKnownFileType = sourcecode.swift; path = TFYSwiftTableView.swift; sourceTree = "<group>"; };
		366D624B26836664007C811B /* ViewController.swift */ = {isa = PBXFileReference; fileEncoding = 4; lastKnownFileType = sourcecode.swift; path = ViewController.swift; sourceTree = "<group>"; };
		366D624D26836672007C811B /* TFYSwiftEmptyOneController.swift */ = {isa = PBXFileReference; lastKnownFileType = sourcecode.swift; path = TFYSwiftEmptyOneController.swift; sourceTree = "<group>"; };
		366D624F2683668A007C811B /* TFYSwiftEmptyTwoController.swift */ = {isa = PBXFileReference; lastKnownFileType = sourcecode.swift; path = TFYSwiftEmptyTwoController.swift; sourceTree = "<group>"; };
		366D6251268366C6007C811B /* TFYSwiftEmptyThreeController.swift */ = {isa = PBXFileReference; lastKnownFileType = sourcecode.swift; path = TFYSwiftEmptyThreeController.swift; sourceTree = "<group>"; };
		366D6253268366EE007C811B /* TFYSwiftEmptyFourController.swift */ = {isa = PBXFileReference; lastKnownFileType = sourcecode.swift; path = TFYSwiftEmptyFourController.swift; sourceTree = "<group>"; };
		366D625526836706007C811B /* TFYSwiftEmptyFiveController.swift */ = {isa = PBXFileReference; lastKnownFileType = sourcecode.swift; path = TFYSwiftEmptyFiveController.swift; sourceTree = "<group>"; };
		366D62572683671B007C811B /* TFYSwiftEmptySixController.swift */ = {isa = PBXFileReference; lastKnownFileType = sourcecode.swift; path = TFYSwiftEmptySixController.swift; sourceTree = "<group>"; };
		366D62592683673E007C811B /* TFYSwiftEmptySevenController.swift */ = {isa = PBXFileReference; lastKnownFileType = sourcecode.swift; path = TFYSwiftEmptySevenController.swift; sourceTree = "<group>"; };
		366D625B26836774007C811B /* TFYSwiftEmptyEightController.swift */ = {isa = PBXFileReference; lastKnownFileType = sourcecode.swift; path = TFYSwiftEmptyEightController.swift; sourceTree = "<group>"; };
		366D625D26836786007C811B /* TFYSwiftBaseController.swift */ = {isa = PBXFileReference; lastKnownFileType = sourcecode.swift; path = TFYSwiftBaseController.swift; sourceTree = "<group>"; };
/* End PBXFileReference section */

/* Begin PBXFrameworksBuildPhase section */
		3610DBA626820B4B0030253B /* Frameworks */ = {
			isa = PBXFrameworksBuildPhase;
			buildActionMask = 2147483647;
			files = (
			);
			runOnlyForDeploymentPostprocessing = 0;
		};
		3610DBBC26820B4C0030253B /* Frameworks */ = {
			isa = PBXFrameworksBuildPhase;
			buildActionMask = 2147483647;
			files = (
			);
			runOnlyForDeploymentPostprocessing = 0;
		};
		3610DBC626820B4C0030253B /* Frameworks */ = {
			isa = PBXFrameworksBuildPhase;
			buildActionMask = 2147483647;
			files = (
			);
			runOnlyForDeploymentPostprocessing = 0;
		};
/* End PBXFrameworksBuildPhase section */

/* Begin PBXGroup section */
		3610DBA026820B4B0030253B = {
			isa = PBXGroup;
			children = (
				3610DBAB26820B4B0030253B /* TFYSwiftEmptyDataSet */,
				3610DBC226820B4C0030253B /* TFYSwiftEmptyDataSetTests */,
				3610DBCC26820B4C0030253B /* TFYSwiftEmptyDataSetUITests */,
				3610DBAA26820B4B0030253B /* Products */,
			);
			sourceTree = "<group>";
		};
		3610DBAA26820B4B0030253B /* Products */ = {
			isa = PBXGroup;
			children = (
				3610DBA926820B4B0030253B /* TFYSwiftEmptyDataSet.app */,
				3610DBBF26820B4C0030253B /* TFYSwiftEmptyDataSetTests.xctest */,
				3610DBC926820B4C0030253B /* TFYSwiftEmptyDataSetUITests.xctest */,
			);
			name = Products;
			sourceTree = "<group>";
		};
		3610DBAB26820B4B0030253B /* TFYSwiftEmptyDataSet */ = {
			isa = PBXGroup;
			children = (
				3610DBDD26820C110030253B /* AppDelegate */,
				3610DBDA26820C110030253B /* Class */,
				3610DBE026820C110030253B /* Resources */,
				3610DBDC26820C110030253B /* TFYSwiftEmptyDataSetKit */,
			);
			path = TFYSwiftEmptyDataSet;
			sourceTree = "<group>";
		};
		3610DBC226820B4C0030253B /* TFYSwiftEmptyDataSetTests */ = {
			isa = PBXGroup;
			children = (
				3610DBC326820B4C0030253B /* TFYSwiftEmptyDataSetTests.swift */,
			);
			path = TFYSwiftEmptyDataSetTests;
			sourceTree = "<group>";
		};
		3610DBCC26820B4C0030253B /* TFYSwiftEmptyDataSetUITests */ = {
			isa = PBXGroup;
			children = (
				3610DBCD26820B4C0030253B /* TFYSwiftEmptyDataSetUITests.swift */,
			);
			path = TFYSwiftEmptyDataSetUITests;
			sourceTree = "<group>";
		};
		3610DBDA26820C110030253B /* Class */ = {
			isa = PBXGroup;
			children = (
				3610DC06268220A70030253B /* Model */,
				3610DBFF268220A70030253B /* Vc */,
			);
			path = Class;
			sourceTree = "<group>";
		};
		3610DBDC26820C110030253B /* TFYSwiftEmptyDataSetKit */ = {
			isa = PBXGroup;
			children = (
				3610DBEE26820D950030253B /* TFYSwiftEmptyDataSetView.swift */,
				3610DBF02682165C0030253B /* TFYSwiftProtocol.swift */,
				3610DBF226821AAC0030253B /* UIScrollView+EmptyDataSet.swift */,
			);
			path = TFYSwiftEmptyDataSetKit;
			sourceTree = "<group>";
		};
		3610DBDD26820C110030253B /* AppDelegate */ = {
			isa = PBXGroup;
			children = (
				3610DBDE26820C110030253B /* AppDelegate.swift */,
				3610DBDF26820C110030253B /* SceneDelegate.swift */,
			);
			path = AppDelegate;
			sourceTree = "<group>";
		};
		3610DBE026820C110030253B /* Resources */ = {
			isa = PBXGroup;
			children = (
				3610DBFB26821FB70030253B /* applications.json */,
				3610DBF426821F700030253B /* Fonts */,
				3610DBE126820C110030253B /* Assets.xcassets */,
				3610DBE226820C110030253B /* LaunchScreen.storyboard */,
				3610DBE626820C110030253B /* Info.plist */,
			);
			path = Resources;
			sourceTree = "<group>";
		};
		3610DBF426821F700030253B /* Fonts */ = {
			isa = PBXGroup;
			children = (
				3610DBF526821F700030253B /* Ideal Sans */,
				3610DBF726821F700030253B /* Lato */,
			);
			path = Fonts;
			sourceTree = "<group>";
		};
		3610DBF526821F700030253B /* Ideal Sans */ = {
			isa = PBXGroup;
			children = (
				3610DBF626821F700030253B /* IdealSans-Book-Pro.otf */,
			);
			path = "Ideal Sans";
			sourceTree = "<group>";
		};
		3610DBF726821F700030253B /* Lato */ = {
			isa = PBXGroup;
			children = (
				3610DBF826821F700030253B /* Lato-Regular.ttf */,
			);
			path = Lato;
			sourceTree = "<group>";
		};
		3610DBFF268220A70030253B /* Vc */ = {
			isa = PBXGroup;
			children = (
				366D624B26836664007C811B /* ViewController.swift */,
				3610DC00268220A70030253B /* UIColor+Extension.swift */,
				366D624D26836672007C811B /* TFYSwiftEmptyOneController.swift */,
				366D624F2683668A007C811B /* TFYSwiftEmptyTwoController.swift */,
				366D6251268366C6007C811B /* TFYSwiftEmptyThreeController.swift */,
				366D6253268366EE007C811B /* TFYSwiftEmptyFourController.swift */,
				366D625526836706007C811B /* TFYSwiftEmptyFiveController.swift */,
				366D62572683671B007C811B /* TFYSwiftEmptySixController.swift */,
				366D62592683673E007C811B /* TFYSwiftEmptySevenController.swift */,
				366D625B26836774007C811B /* TFYSwiftEmptyEightController.swift */,
				366D625D26836786007C811B /* TFYSwiftBaseController.swift */,
			);
			path = Vc;
			sourceTree = "<group>";
		};
		3610DC06268220A70030253B /* Model */ = {
			isa = PBXGroup;
			children = (
				366D62472683649B007C811B /* TFYSwiftTableView.swift */,
			);
			path = Model;
			sourceTree = "<group>";
		};
/* End PBXGroup section */

/* Begin PBXNativeTarget section */
		3610DBA826820B4B0030253B /* TFYSwiftEmptyDataSet */ = {
			isa = PBXNativeTarget;
			buildConfigurationList = 3610DBD126820B4C0030253B /* Build configuration list for PBXNativeTarget "TFYSwiftEmptyDataSet" */;
			buildPhases = (
				3610DBA526820B4B0030253B /* Sources */,
				3610DBA626820B4B0030253B /* Frameworks */,
				3610DBA726820B4B0030253B /* Resources */,
			);
			buildRules = (
			);
			dependencies = (
			);
			name = TFYSwiftEmptyDataSet;
			productName = TFYSwiftEmptyDataSet;
			productReference = 3610DBA926820B4B0030253B /* TFYSwiftEmptyDataSet.app */;
			productType = "com.apple.product-type.application";
		};
		3610DBBE26820B4C0030253B /* TFYSwiftEmptyDataSetTests */ = {
			isa = PBXNativeTarget;
			buildConfigurationList = 3610DBD426820B4C0030253B /* Build configuration list for PBXNativeTarget "TFYSwiftEmptyDataSetTests" */;
			buildPhases = (
				3610DBBB26820B4C0030253B /* Sources */,
				3610DBBC26820B4C0030253B /* Frameworks */,
				3610DBBD26820B4C0030253B /* Resources */,
			);
			buildRules = (
			);
			dependencies = (
				3610DBC126820B4C0030253B /* PBXTargetDependency */,
			);
			name = TFYSwiftEmptyDataSetTests;
			productName = TFYSwiftEmptyDataSetTests;
			productReference = 3610DBBF26820B4C0030253B /* TFYSwiftEmptyDataSetTests.xctest */;
			productType = "com.apple.product-type.bundle.unit-test";
		};
		3610DBC826820B4C0030253B /* TFYSwiftEmptyDataSetUITests */ = {
			isa = PBXNativeTarget;
			buildConfigurationList = 3610DBD726820B4C0030253B /* Build configuration list for PBXNativeTarget "TFYSwiftEmptyDataSetUITests" */;
			buildPhases = (
				3610DBC526820B4C0030253B /* Sources */,
				3610DBC626820B4C0030253B /* Frameworks */,
				3610DBC726820B4C0030253B /* Resources */,
			);
			buildRules = (
			);
			dependencies = (
				3610DBCB26820B4C0030253B /* PBXTargetDependency */,
			);
			name = TFYSwiftEmptyDataSetUITests;
			productName = TFYSwiftEmptyDataSetUITests;
			productReference = 3610DBC926820B4C0030253B /* TFYSwiftEmptyDataSetUITests.xctest */;
			productType = "com.apple.product-type.bundle.ui-testing";
		};
/* End PBXNativeTarget section */

/* Begin PBXProject section */
		3610DBA126820B4B0030253B /* Project object */ = {
			isa = PBXProject;
			attributes = {
				BuildIndependentTargetsInParallel = 1;
				CLASSPREFIX = TFYSwift;
				LastSwiftUpdateCheck = 1300;
				LastUpgradeCheck = 1300;
				TargetAttributes = {
					3610DBA826820B4B0030253B = {
						CreatedOnToolsVersion = 13.0;
					};
					3610DBBE26820B4C0030253B = {
						CreatedOnToolsVersion = 13.0;
						TestTargetID = 3610DBA826820B4B0030253B;
					};
					3610DBC826820B4C0030253B = {
						CreatedOnToolsVersion = 13.0;
						TestTargetID = 3610DBA826820B4B0030253B;
					};
				};
			};
			buildConfigurationList = 3610DBA426820B4B0030253B /* Build configuration list for PBXProject "TFYSwiftEmptyDataSet" */;
			compatibilityVersion = "Xcode 13.0";
			developmentRegion = en;
			hasScannedForEncodings = 0;
			knownRegions = (
				en,
				Base,
			);
			mainGroup = 3610DBA026820B4B0030253B;
			productRefGroup = 3610DBAA26820B4B0030253B /* Products */;
			projectDirPath = "";
			projectRoot = "";
			targets = (
				3610DBA826820B4B0030253B /* TFYSwiftEmptyDataSet */,
				3610DBBE26820B4C0030253B /* TFYSwiftEmptyDataSetTests */,
				3610DBC826820B4C0030253B /* TFYSwiftEmptyDataSetUITests */,
			);
		};
/* End PBXProject section */

/* Begin PBXResourcesBuildPhase section */
		3610DBA726820B4B0030253B /* Resources */ = {
			isa = PBXResourcesBuildPhase;
			buildActionMask = 2147483647;
			files = (
				3610DBEA26820C110030253B /* Assets.xcassets in Resources */,
				3610DBFA26821F700030253B /* Lato-Regular.ttf in Resources */,
				3610DBEB26820C110030253B /* LaunchScreen.storyboard in Resources */,
				3610DBFC26821FB70030253B /* applications.json in Resources */,
				3610DBF926821F700030253B /* IdealSans-Book-Pro.otf in Resources */,
			);
			runOnlyForDeploymentPostprocessing = 0;
		};
		3610DBBD26820B4C0030253B /* Resources */ = {
			isa = PBXResourcesBuildPhase;
			buildActionMask = 2147483647;
			files = (
			);
			runOnlyForDeploymentPostprocessing = 0;
		};
		3610DBC726820B4C0030253B /* Resources */ = {
			isa = PBXResourcesBuildPhase;
			buildActionMask = 2147483647;
			files = (
			);
			runOnlyForDeploymentPostprocessing = 0;
		};
/* End PBXResourcesBuildPhase section */

/* Begin PBXSourcesBuildPhase section */
		3610DBA526820B4B0030253B /* Sources */ = {
			isa = PBXSourcesBuildPhase;
			buildActionMask = 2147483647;
			files = (
				366D62582683671B007C811B /* TFYSwiftEmptySixController.swift in Sources */,
				366D62502683668A007C811B /* TFYSwiftEmptyTwoController.swift in Sources */,
				366D6252268366C6007C811B /* TFYSwiftEmptyThreeController.swift in Sources */,
				3610DC0C268220A70030253B /* UIColor+Extension.swift in Sources */,
				3610DBEF26820D950030253B /* TFYSwiftEmptyDataSetView.swift in Sources */,
				366D625C26836774007C811B /* TFYSwiftEmptyEightController.swift in Sources */,
				3610DBE826820C110030253B /* AppDelegate.swift in Sources */,
				3610DBF12682165C0030253B /* TFYSwiftProtocol.swift in Sources */,
				366D624E26836672007C811B /* TFYSwiftEmptyOneController.swift in Sources */,
				3610DBF326821AAC0030253B /* UIScrollView+EmptyDataSet.swift in Sources */,
				366D625626836706007C811B /* TFYSwiftEmptyFiveController.swift in Sources */,
				366D62482683649B007C811B /* TFYSwiftTableView.swift in Sources */,
				366D6254268366EE007C811B /* TFYSwiftEmptyFourController.swift in Sources */,
				366D624C26836664007C811B /* ViewController.swift in Sources */,
				3610DBE926820C110030253B /* SceneDelegate.swift in Sources */,
				366D625A2683673E007C811B /* TFYSwiftEmptySevenController.swift in Sources */,
				366D625E26836786007C811B /* TFYSwiftBaseController.swift in Sources */,
			);
			runOnlyForDeploymentPostprocessing = 0;
		};
		3610DBBB26820B4C0030253B /* Sources */ = {
			isa = PBXSourcesBuildPhase;
			buildActionMask = 2147483647;
			files = (
				3610DBC426820B4C0030253B /* TFYSwiftEmptyDataSetTests.swift in Sources */,
			);
			runOnlyForDeploymentPostprocessing = 0;
		};
		3610DBC526820B4C0030253B /* Sources */ = {
			isa = PBXSourcesBuildPhase;
			buildActionMask = 2147483647;
			files = (
				3610DBCE26820B4C0030253B /* TFYSwiftEmptyDataSetUITests.swift in Sources */,
			);
			runOnlyForDeploymentPostprocessing = 0;
		};
/* End PBXSourcesBuildPhase section */

/* Begin PBXTargetDependency section */
		3610DBC126820B4C0030253B /* PBXTargetDependency */ = {
			isa = PBXTargetDependency;
			target = 3610DBA826820B4B0030253B /* TFYSwiftEmptyDataSet */;
			targetProxy = 3610DBC026820B4C0030253B /* PBXContainerItemProxy */;
		};
		3610DBCB26820B4C0030253B /* PBXTargetDependency */ = {
			isa = PBXTargetDependency;
			target = 3610DBA826820B4B0030253B /* TFYSwiftEmptyDataSet */;
			targetProxy = 3610DBCA26820B4C0030253B /* PBXContainerItemProxy */;
		};
/* End PBXTargetDependency section */

/* Begin PBXVariantGroup section */
		3610DBE226820C110030253B /* LaunchScreen.storyboard */ = {
			isa = PBXVariantGroup;
			children = (
				3610DBE326820C110030253B /* Base */,
			);
			name = LaunchScreen.storyboard;
			sourceTree = "<group>";
		};
/* End PBXVariantGroup section */

/* Begin XCBuildConfiguration section */
		3610DBCF26820B4C0030253B /* Debug */ = {
			isa = XCBuildConfiguration;
			buildSettings = {
				ALWAYS_SEARCH_USER_PATHS = NO;
				CLANG_ANALYZER_NONNULL = YES;
				CLANG_ANALYZER_NUMBER_OBJECT_CONVERSION = YES_AGGRESSIVE;
				CLANG_CXX_LANGUAGE_STANDARD = "gnu++14";
				CLANG_CXX_LIBRARY = "libc++";
				CLANG_ENABLE_MODULES = YES;
				CLANG_ENABLE_OBJC_ARC = YES;
				CLANG_ENABLE_OBJC_WEAK = YES;
				CLANG_WARN_BLOCK_CAPTURE_AUTORELEASING = YES;
				CLANG_WARN_BOOL_CONVERSION = YES;
				CLANG_WARN_COMMA = YES;
				CLANG_WARN_CONSTANT_CONVERSION = YES;
				CLANG_WARN_DEPRECATED_OBJC_IMPLEMENTATIONS = YES;
				CLANG_WARN_DIRECT_OBJC_ISA_USAGE = YES_ERROR;
				CLANG_WARN_DOCUMENTATION_COMMENTS = YES;
				CLANG_WARN_EMPTY_BODY = YES;
				CLANG_WARN_ENUM_CONVERSION = YES;
				CLANG_WARN_INFINITE_RECURSION = YES;
				CLANG_WARN_INT_CONVERSION = YES;
				CLANG_WARN_NON_LITERAL_NULL_CONVERSION = YES;
				CLANG_WARN_OBJC_IMPLICIT_RETAIN_SELF = YES;
				CLANG_WARN_OBJC_LITERAL_CONVERSION = YES;
				CLANG_WARN_OBJC_ROOT_CLASS = YES_ERROR;
				CLANG_WARN_QUOTED_INCLUDE_IN_FRAMEWORK_HEADER = YES;
				CLANG_WARN_RANGE_LOOP_ANALYSIS = YES;
				CLANG_WARN_STRICT_PROTOTYPES = YES;
				CLANG_WARN_SUSPICIOUS_MOVE = YES;
				CLANG_WARN_UNGUARDED_AVAILABILITY = YES_AGGRESSIVE;
				CLANG_WARN_UNREACHABLE_CODE = YES;
				CLANG_WARN__DUPLICATE_METHOD_MATCH = YES;
				COPY_PHASE_STRIP = NO;
				DEBUG_INFORMATION_FORMAT = dwarf;
				ENABLE_STRICT_OBJC_MSGSEND = YES;
				ENABLE_TESTABILITY = YES;
				GCC_C_LANGUAGE_STANDARD = gnu11;
				GCC_DYNAMIC_NO_PIC = NO;
				GCC_NO_COMMON_BLOCKS = YES;
				GCC_OPTIMIZATION_LEVEL = 0;
				GCC_PREPROCESSOR_DEFINITIONS = (
					"DEBUG=1",
					"$(inherited)",
				);
				GCC_WARN_64_TO_32_BIT_CONVERSION = YES;
				GCC_WARN_ABOUT_RETURN_TYPE = YES_ERROR;
				GCC_WARN_UNDECLARED_SELECTOR = YES;
				GCC_WARN_UNINITIALIZED_AUTOS = YES_AGGRESSIVE;
				GCC_WARN_UNUSED_FUNCTION = YES;
				GCC_WARN_UNUSED_VARIABLE = YES;
				IPHONEOS_DEPLOYMENT_TARGET = 15.5;
				MTL_ENABLE_DEBUG_INFO = INCLUDE_SOURCE;
				MTL_FAST_MATH = YES;
				ONLY_ACTIVE_ARCH = YES;
				SDKROOT = iphoneos;
				SWIFT_ACTIVE_COMPILATION_CONDITIONS = DEBUG;
				SWIFT_OPTIMIZATION_LEVEL = "-Onone";
			};
			name = Debug;
		};
		3610DBD026820B4C0030253B /* Release */ = {
			isa = XCBuildConfiguration;
			buildSettings = {
				ALWAYS_SEARCH_USER_PATHS = NO;
				CLANG_ANALYZER_NONNULL = YES;
				CLANG_ANALYZER_NUMBER_OBJECT_CONVERSION = YES_AGGRESSIVE;
				CLANG_CXX_LANGUAGE_STANDARD = "gnu++14";
				CLANG_CXX_LIBRARY = "libc++";
				CLANG_ENABLE_MODULES = YES;
				CLANG_ENABLE_OBJC_ARC = YES;
				CLANG_ENABLE_OBJC_WEAK = YES;
				CLANG_WARN_BLOCK_CAPTURE_AUTORELEASING = YES;
				CLANG_WARN_BOOL_CONVERSION = YES;
				CLANG_WARN_COMMA = YES;
				CLANG_WARN_CONSTANT_CONVERSION = YES;
				CLANG_WARN_DEPRECATED_OBJC_IMPLEMENTATIONS = YES;
				CLANG_WARN_DIRECT_OBJC_ISA_USAGE = YES_ERROR;
				CLANG_WARN_DOCUMENTATION_COMMENTS = YES;
				CLANG_WARN_EMPTY_BODY = YES;
				CLANG_WARN_ENUM_CONVERSION = YES;
				CLANG_WARN_INFINITE_RECURSION = YES;
				CLANG_WARN_INT_CONVERSION = YES;
				CLANG_WARN_NON_LITERAL_NULL_CONVERSION = YES;
				CLANG_WARN_OBJC_IMPLICIT_RETAIN_SELF = YES;
				CLANG_WARN_OBJC_LITERAL_CONVERSION = YES;
				CLANG_WARN_OBJC_ROOT_CLASS = YES_ERROR;
				CLANG_WARN_QUOTED_INCLUDE_IN_FRAMEWORK_HEADER = YES;
				CLANG_WARN_RANGE_LOOP_ANALYSIS = YES;
				CLANG_WARN_STRICT_PROTOTYPES = YES;
				CLANG_WARN_SUSPICIOUS_MOVE = YES;
				CLANG_WARN_UNGUARDED_AVAILABILITY = YES_AGGRESSIVE;
				CLANG_WARN_UNREACHABLE_CODE = YES;
				CLANG_WARN__DUPLICATE_METHOD_MATCH = YES;
				COPY_PHASE_STRIP = NO;
				DEBUG_INFORMATION_FORMAT = "dwarf-with-dsym";
				ENABLE_NS_ASSERTIONS = NO;
				ENABLE_STRICT_OBJC_MSGSEND = YES;
				GCC_C_LANGUAGE_STANDARD = gnu11;
				GCC_NO_COMMON_BLOCKS = YES;
				GCC_WARN_64_TO_32_BIT_CONVERSION = YES;
				GCC_WARN_ABOUT_RETURN_TYPE = YES_ERROR;
				GCC_WARN_UNDECLARED_SELECTOR = YES;
				GCC_WARN_UNINITIALIZED_AUTOS = YES_AGGRESSIVE;
				GCC_WARN_UNUSED_FUNCTION = YES;
				GCC_WARN_UNUSED_VARIABLE = YES;
				IPHONEOS_DEPLOYMENT_TARGET = 15.5;
				MTL_ENABLE_DEBUG_INFO = NO;
				MTL_FAST_MATH = YES;
				SDKROOT = iphoneos;
				SWIFT_COMPILATION_MODE = wholemodule;
				SWIFT_OPTIMIZATION_LEVEL = "-O";
				VALIDATE_PRODUCT = YES;
			};
			name = Release;
		};
		3610DBD226820B4C0030253B /* Debug */ = {
			isa = XCBuildConfiguration;
			buildSettings = {
				ASSETCATALOG_COMPILER_APPICON_NAME = AppIcon;
				ASSETCATALOG_COMPILER_GLOBAL_ACCENT_COLOR_NAME = AccentColor;
				CODE_SIGN_STYLE = Automatic;
				CURRENT_PROJECT_VERSION = 1;
				DEVELOPMENT_TEAM = QH95759TSS;
				GENERATE_INFOPLIST_FILE = YES;
				INFOPLIST_FILE = TFYSwiftEmptyDataSet/Resources/Info.plist;
				INFOPLIST_KEY_CFBundleDisplayName = "空置图";
				INFOPLIST_KEY_CFBundleExecutable = TFYSwiftEmptyDataSet;
				INFOPLIST_KEY_CFBundleName = TFYSwiftEmptyDataSet;
				INFOPLIST_KEY_CFBundleVersion = 1;
				INFOPLIST_KEY_UIApplicationSupportsIndirectInputEvents = YES;
				INFOPLIST_KEY_UILaunchStoryboardName = LaunchScreen;
				INFOPLIST_KEY_UISupportedInterfaceOrientations_iPad = "UIInterfaceOrientationPortrait UIInterfaceOrientationPortraitUpsideDown UIInterfaceOrientationLandscapeLeft UIInterfaceOrientationLandscapeRight";
				INFOPLIST_KEY_UISupportedInterfaceOrientations_iPhone = "UIInterfaceOrientationPortrait UIInterfaceOrientationLandscapeLeft UIInterfaceOrientationLandscapeRight";
				IPHONEOS_DEPLOYMENT_TARGET = 12.0;
				LD_RUNPATH_SEARCH_PATHS = (
					"$(inherited)",
					"@executable_path/Frameworks",
				);
				MARKETING_VERSION = 1.0;
				PRODUCT_BUNDLE_IDENTIFIER = com.tfy.TFYSwiftEmptyDataSet;
				PRODUCT_NAME = "$(TARGET_NAME)";
				SWIFT_EMIT_LOC_STRINGS = YES;
				SWIFT_VERSION = 5.0;
				TARGETED_DEVICE_FAMILY = "1,2";
			};
			name = Debug;
		};
		3610DBD326820B4C0030253B /* Release */ = {
			isa = XCBuildConfiguration;
			buildSettings = {
				ASSETCATALOG_COMPILER_APPICON_NAME = AppIcon;
				ASSETCATALOG_COMPILER_GLOBAL_ACCENT_COLOR_NAME = AccentColor;
				CODE_SIGN_STYLE = Automatic;
				CURRENT_PROJECT_VERSION = 1;
				DEVELOPMENT_TEAM = QH95759TSS;
				GENERATE_INFOPLIST_FILE = YES;
				INFOPLIST_FILE = TFYSwiftEmptyDataSet/Resources/Info.plist;
				INFOPLIST_KEY_CFBundleDisplayName = "空置图";
				INFOPLIST_KEY_CFBundleExecutable = TFYSwiftEmptyDataSet;
				INFOPLIST_KEY_CFBundleName = TFYSwiftEmptyDataSet;
				INFOPLIST_KEY_CFBundleVersion = 1;
				INFOPLIST_KEY_UIApplicationSupportsIndirectInputEvents = YES;
				INFOPLIST_KEY_UILaunchStoryboardName = LaunchScreen;
				INFOPLIST_KEY_UISupportedInterfaceOrientations_iPad = "UIInterfaceOrientationPortrait UIInterfaceOrientationPortraitUpsideDown UIInterfaceOrientationLandscapeLeft UIInterfaceOrientationLandscapeRight";
				INFOPLIST_KEY_UISupportedInterfaceOrientations_iPhone = "UIInterfaceOrientationPortrait UIInterfaceOrientationLandscapeLeft UIInterfaceOrientationLandscapeRight";
				IPHONEOS_DEPLOYMENT_TARGET = 12.0;
				LD_RUNPATH_SEARCH_PATHS = (
					"$(inherited)",
					"@executable_path/Frameworks",
				);
				MARKETING_VERSION = 1.0;
				PRODUCT_BUNDLE_IDENTIFIER = com.tfy.TFYSwiftEmptyDataSet;
				PRODUCT_NAME = "$(TARGET_NAME)";
				SWIFT_EMIT_LOC_STRINGS = YES;
				SWIFT_VERSION = 5.0;
				TARGETED_DEVICE_FAMILY = "1,2";
			};
			name = Release;
		};
		3610DBD526820B4C0030253B /* Debug */ = {
			isa = XCBuildConfiguration;
			buildSettings = {
				ALWAYS_EMBED_SWIFT_STANDARD_LIBRARIES = YES;
				BUNDLE_LOADER = "$(TEST_HOST)";
				CODE_SIGN_STYLE = Automatic;
				CURRENT_PROJECT_VERSION = 1;
				DEVELOPMENT_TEAM = QH95759TSS;
				GENERATE_INFOPLIST_FILE = YES;
				IPHONEOS_DEPLOYMENT_TARGET = 15.0;
				LD_RUNPATH_SEARCH_PATHS = (
					"$(inherited)",
					"@executable_path/Frameworks",
					"@loader_path/Frameworks",
				);
				MARKETING_VERSION = 1.0;
				PRODUCT_BUNDLE_IDENTIFIER = com.tfy.TFYSwiftEmptyDataSetTests;
				PRODUCT_NAME = "$(TARGET_NAME)";
				SWIFT_EMIT_LOC_STRINGS = NO;
				SWIFT_VERSION = 5.0;
				TARGETED_DEVICE_FAMILY = "1,2";
				TEST_HOST = "$(BUILT_PRODUCTS_DIR)/TFYSwiftEmptyDataSet.app/TFYSwiftEmptyDataSet";
			};
			name = Debug;
		};
		3610DBD626820B4C0030253B /* Release */ = {
			isa = XCBuildConfiguration;
			buildSettings = {
				ALWAYS_EMBED_SWIFT_STANDARD_LIBRARIES = YES;
				BUNDLE_LOADER = "$(TEST_HOST)";
				CODE_SIGN_STYLE = Automatic;
				CURRENT_PROJECT_VERSION = 1;
				DEVELOPMENT_TEAM = QH95759TSS;
				GENERATE_INFOPLIST_FILE = YES;
				IPHONEOS_DEPLOYMENT_TARGET = 15.0;
				LD_RUNPATH_SEARCH_PATHS = (
					"$(inherited)",
					"@executable_path/Frameworks",
					"@loader_path/Frameworks",
				);
				MARKETING_VERSION = 1.0;
				PRODUCT_BUNDLE_IDENTIFIER = com.tfy.TFYSwiftEmptyDataSetTests;
				PRODUCT_NAME = "$(TARGET_NAME)";
				SWIFT_EMIT_LOC_STRINGS = NO;
				SWIFT_VERSION = 5.0;
				TARGETED_DEVICE_FAMILY = "1,2";
				TEST_HOST = "$(BUILT_PRODUCTS_DIR)/TFYSwiftEmptyDataSet.app/TFYSwiftEmptyDataSet";
			};
			name = Release;
		};
		3610DBD826820B4C0030253B /* Debug */ = {
			isa = XCBuildConfiguration;
			buildSettings = {
				ALWAYS_EMBED_SWIFT_STANDARD_LIBRARIES = YES;
				CODE_SIGN_STYLE = Automatic;
				CURRENT_PROJECT_VERSION = 1;
				DEVELOPMENT_TEAM = QH95759TSS;
				GENERATE_INFOPLIST_FILE = YES;
				LD_RUNPATH_SEARCH_PATHS = (
					"$(inherited)",
					"@executable_path/Frameworks",
					"@loader_path/Frameworks",
				);
				MARKETING_VERSION = 1.0;
				PRODUCT_BUNDLE_IDENTIFIER = com.tfy.TFYSwiftEmptyDataSetUITests;
				PRODUCT_NAME = "$(TARGET_NAME)";
				SWIFT_EMIT_LOC_STRINGS = NO;
				SWIFT_VERSION = 5.0;
				TARGETED_DEVICE_FAMILY = "1,2";
				TEST_TARGET_NAME = TFYSwiftEmptyDataSet;
			};
			name = Debug;
		};
		3610DBD926820B4C0030253B /* Release */ = {
			isa = XCBuildConfiguration;
			buildSettings = {
				ALWAYS_EMBED_SWIFT_STANDARD_LIBRARIES = YES;
				CODE_SIGN_STYLE = Automatic;
				CURRENT_PROJECT_VERSION = 1;
				DEVELOPMENT_TEAM = QH95759TSS;
				GENERATE_INFOPLIST_FILE = YES;
				LD_RUNPATH_SEARCH_PATHS = (
					"$(inherited)",
					"@executable_path/Frameworks",
					"@loader_path/Frameworks",
				);
				MARKETING_VERSION = 1.0;
				PRODUCT_BUNDLE_IDENTIFIER = com.tfy.TFYSwiftEmptyDataSetUITests;
				PRODUCT_NAME = "$(TARGET_NAME)";
				SWIFT_EMIT_LOC_STRINGS = NO;
				SWIFT_VERSION = 5.0;
				TARGETED_DEVICE_FAMILY = "1,2";
				TEST_TARGET_NAME = TFYSwiftEmptyDataSet;
			};
			name = Release;
		};
/* End XCBuildConfiguration section */

/* Begin XCConfigurationList section */
		3610DBA426820B4B0030253B /* Build configuration list for PBXProject "TFYSwiftEmptyDataSet" */ = {
			isa = XCConfigurationList;
			buildConfigurations = (
				3610DBCF26820B4C0030253B /* Debug */,
				3610DBD026820B4C0030253B /* Release */,
			);
			defaultConfigurationIsVisible = 0;
			defaultConfigurationName = Release;
		};
		3610DBD126820B4C0030253B /* Build configuration list for PBXNativeTarget "TFYSwiftEmptyDataSet" */ = {
			isa = XCConfigurationList;
			buildConfigurations = (
				3610DBD226820B4C0030253B /* Debug */,
				3610DBD326820B4C0030253B /* Release */,
			);
			defaultConfigurationIsVisible = 0;
			defaultConfigurationName = Release;
		};
		3610DBD426820B4C0030253B /* Build configuration list for PBXNativeTarget "TFYSwiftEmptyDataSetTests" */ = {
			isa = XCConfigurationList;
			buildConfigurations = (
				3610DBD526820B4C0030253B /* Debug */,
				3610DBD626820B4C0030253B /* Release */,
			);
			defaultConfigurationIsVisible = 0;
			defaultConfigurationName = Release;
		};
		3610DBD726820B4C0030253B /* Build configuration list for PBXNativeTarget "TFYSwiftEmptyDataSetUITests" */ = {
			isa = XCConfigurationList;
			buildConfigurations = (
				3610DBD826820B4C0030253B /* Debug */,
				3610DBD926820B4C0030253B /* Release */,
			);
			defaultConfigurationIsVisible = 0;
			defaultConfigurationName = Release;
		};
/* End XCConfigurationList section */
	};
	rootObject = 3610DBA126820B4B0030253B /* Project object */;
}
